
Microsoft Visual Studio Solution File, Format Version 12.00
# Visual Studio Version 17
VisualStudioVersion = 17.6.33829.357
MinimumVisualStudioVersion = 10.0.40219.1
Project("{2150E333-8FDC-42A3-9474-1A3956D46DE8}") = "3 - Infra", "3 - Infra", "{06B162EF-1A99-48BE-B62A-BF695527858C}"
EndProject
Project("{2150E333-8FDC-42A3-9474-1A3956D46DE8}") = "1 - Apresentacao", "1 - Apresentacao", "{5BC2B86E-A6EE-403C-95AD-96F58470F1BA}"
EndProject
Project("{2150E333-8FDC-42A3-9474-1A3956D46DE8}") = "2 - Aplicacao", "2 - Aplicacao", "{0C8F5A90-7A80-4C24-BC32-DFD325C2C188}"
EndProject
Project("{9A19103F-16F7-4668-BE54-9A1E7A4F7556}") = "WindowsForms", "Apresentacao\WindowsForms\WindowsForms.csproj", "{FDC47741-C73E-40B7-85C4-3D5A7FC97572}"
EndProject
Project("{9A19103F-16F7-4668-BE54-9A1E7A4F7556}") = "Negocio", "Aplicacao\Negocio\Negocio.csproj", "{363A7069-39C8-4130-8D57-687DD273280F}"
EndProject
Project("{9A19103F-16F7-4668-BE54-9A1E7A4F7556}") = "Database", "Infra\Database\Database.csproj", "{D288BB19-5C8E-4136-BC0E-E71296F1ADC8}"
EndProject
Global
	GlobalSection(SolutionConfigurationPlatforms) = preSolution
		Debug|Any CPU = Debug|Any CPU
		Release|Any CPU = Release|Any CPU
	EndGlobalSection
	GlobalSection(ProjectConfigurationPlatforms) = postSolution
		{FDC47741-C73E-40B7-85C4-3D5A7FC97572}.Debug|Any CPU.ActiveCfg = Debug|Any CPU
		{FDC47741-C73E-40B7-85C4-3D5A7FC97572}.Debug|Any CPU.Build.0 = Debug|Any CPU
		{FDC47741-C73E-40B7-85C4-3D5A7FC97572}.Release|Any CPU.ActiveCfg = Release|Any CPU
		{FDC47741-C73E-40B7-85C4-3D5A7FC97572}.Release|Any CPU.Build.0 = Release|Any CPU
		{363A7069-39C8-4130-8D57-687DD273280F}.Debug|Any CPU.ActiveCfg = Debug|Any CPU
		{363A7069-39C8-4130-8D57-687DD273280F}.Debug|Any CPU.Build.0 = Debug|Any CPU
		{363A7069-39C8-4130-8D57-687DD273280F}.Release|Any CPU.ActiveCfg = Release|Any CPU
		{363A7069-39C8-4130-8D57-687DD273280F}.Release|Any CPU.Build.0 = Release|Any CPU
		{D288BB19-5C8E-4136-BC0E-E71296F1ADC8}.Debug|Any CPU.ActiveCfg = Debug|Any CPU
		{D288BB19-5C8E-4136-BC0E-E71296F1ADC8}.Debug|Any CPU.Build.0 = Debug|Any CPU
		{D288BB19-5C8E-4136-BC0E-E71296F1ADC8}.Release|Any CPU.ActiveCfg = Release|Any CPU
		{D288BB19-5C8E-4136-BC0E-E71296F1ADC8}.Release|Any CPU.Build.0 = Release|Any CPU
	EndGlobalSection
	GlobalSection(SolutionProperties) = preSolution
		HideSolutionNode = FALSE
	EndGlobalSection
	GlobalSection(NestedProjects) = preSolution
		{FDC47741-C73E-40B7-85C4-3D5A7FC97572} = {5BC2B86E-A6EE-403C-95AD-96F58470F1BA}
		{363A7069-39C8-4130-8D57-687DD273280F} = {0C8F5A90-7A80-4C24-BC32-DFD325C2C188}
		{D288BB19-5C8E-4136-BC0E-E71296F1ADC8} = {06B162EF-1A99-48BE-B62A-BF695527858C}
	EndGlobalSection
	GlobalSection(ExtensibilityGlobals) = postSolution
		SolutionGuid = {AEAE6537-4B19-41C9-913C-68F03C67F9FA}
	EndGlobalSection
EndGlobal
