
Microsoft Visual Studio Solution File, Format Version 12.00
# Visual Studio Version 17
VisualStudioVersion = 17.6.33829.357
MinimumVisualStudioVersion = 10.0.40219.1
Project("{2150E333-8FDC-42A3-9474-1A3956D46DE8}") = "3-Infra", "3-Infra", "{F9942B19-9C52-4F21-B244-2F89CC0C4C60}"
EndProject
Project("{2150E333-8FDC-42A3-9474-1A3956D46DE8}") = "1-Apresentacao", "1-Apresentacao", "{C2715808-86DC-4277-A7AC-234DE215B015}"
EndProject
Project("{2150E333-8FDC-42A3-9474-1A3956D46DE8}") = "2-Aplicacao", "2-Aplicacao", "{0DEAE976-80FE-4126-9140-89D9E3778008}"
EndProject
Project("{FAE04EC0-301F-11D3-BF4B-00C04F79EFBC}") = "WindowsForms", "Apresentacao\WindowsForms\WindowsForms.csproj", "{A60CE0B1-CDBB-4450-815E-E8D4277D4DFD}"
EndProject
Project("{FAE04EC0-301F-11D3-BF4B-00C04F79EFBC}") = "Negocio", "Aplicacao\Negocio\Negocio.csproj", "{18C74BAB-BE2B-4604-B332-8679F2E7A171}"
EndProject
Project("{FAE04EC0-301F-11D3-BF4B-00C04F79EFBC}") = "Database", "Infra\Database\Database.csproj", "{F50F907F-201E-49FD-9E5F-1C345A2C7F0C}"
EndProject
Global
	GlobalSection(SolutionConfigurationPlatforms) = preSolution
		Debug|Any CPU = Debug|Any CPU
		Release|Any CPU = Release|Any CPU
	EndGlobalSection
	GlobalSection(ProjectConfigurationPlatforms) = postSolution
		{A60CE0B1-CDBB-4450-815E-E8D4277D4DFD}.Debug|Any CPU.ActiveCfg = Debug|Any CPU
		{A60CE0B1-CDBB-4450-815E-E8D4277D4DFD}.Debug|Any CPU.Build.0 = Debug|Any CPU
		{A60CE0B1-CDBB-4450-815E-E8D4277D4DFD}.Release|Any CPU.ActiveCfg = Release|Any CPU
		{A60CE0B1-CDBB-4450-815E-E8D4277D4DFD}.Release|Any CPU.Build.0 = Release|Any CPU
		{18C74BAB-BE2B-4604-B332-8679F2E7A171}.Debug|Any CPU.ActiveCfg = Debug|Any CPU
		{18C74BAB-BE2B-4604-B332-8679F2E7A171}.Debug|Any CPU.Build.0 = Debug|Any CPU
		{18C74BAB-BE2B-4604-B332-8679F2E7A171}.Release|Any CPU.ActiveCfg = Release|Any CPU
		{18C74BAB-BE2B-4604-B332-8679F2E7A171}.Release|Any CPU.Build.0 = Release|Any CPU
		{F50F907F-201E-49FD-9E5F-1C345A2C7F0C}.Debug|Any CPU.ActiveCfg = Debug|Any CPU
		{F50F907F-201E-49FD-9E5F-1C345A2C7F0C}.Debug|Any CPU.Build.0 = Debug|Any CPU
		{F50F907F-201E-49FD-9E5F-1C345A2C7F0C}.Release|Any CPU.ActiveCfg = Release|Any CPU
		{F50F907F-201E-49FD-9E5F-1C345A2C7F0C}.Release|Any CPU.Build.0 = Release|Any CPU
	EndGlobalSection
	GlobalSection(SolutionProperties) = preSolution
		HideSolutionNode = FALSE
	EndGlobalSection
	GlobalSection(NestedProjects) = preSolution
		{A60CE0B1-CDBB-4450-815E-E8D4277D4DFD} = {C2715808-86DC-4277-A7AC-234DE215B015}
		{18C74BAB-BE2B-4604-B332-8679F2E7A171} = {0DEAE976-80FE-4126-9140-89D9E3778008}
		{F50F907F-201E-49FD-9E5F-1C345A2C7F0C} = {F9942B19-9C52-4F21-B244-2F89CC0C4C60}
	EndGlobalSection
	GlobalSection(ExtensibilityGlobals) = postSolution
		SolutionGuid = {DA8920BD-4289-4FDB-9490-0202D6382F8D}
	EndGlobalSection
EndGlobal
